# This file is autogenerated, do not edit; changes may be undone by the next 'dep ensure'.


[[projects]]
  digest = "1:cb3ebf2b40f0b567cc3a1f8e3e9652c248e2d00779414468a349514eacf5572d"
  name = "github.com/Masterminds/cookoo"
  packages = [
    ".",
    "io",
  ]
  pruneopts = "UT"
  revision = "78aa11ce75e257c51be7ea945edb84cf19c4a6de"
  version = "v1.3.0"

[solve-meta]
  analyzer-name = "dep"
  analyzer-version = 1
  input-imports = ["github.com/Masterminds/cookoo"]
  solver-name = "gps-cdcl"
  solver-version = 1
